
Microsoft Visual Studio Solution File, Format Version 12.00
# Visual Studio Version 17
VisualStudioVersion = 17.11.35312.102
MinimumVisualStudioVersion = 10.0.40219.1
Project("{FAE04EC0-301F-11D3-BF4B-00C04F79EFBC}") = "TDD.FindingAnything.Tests", "TDD.FindingAnything.Tests\TDD.FindingAnything.Tests.csproj", "{03F6EBD1-4942-4DA2-AA91-3836FC8F3855}"
EndProject
Project("{FAE04EC0-301F-11D3-BF4B-00C04F79EFBC}") = "TDD.FindingAnything", "TDD.FindAnything\TDD.FindingAnything.csproj", "{CBA030E0-71B7-44D3-8EB5-91C69ED93494}"
EndProject
Global
	GlobalSection(SolutionConfigurationPlatforms) = preSolution
		Debug|Any CPU = Debug|Any CPU
		Release|Any CPU = Release|Any CPU
	EndGlobalSection
	GlobalSection(ProjectConfigurationPlatforms) = postSolution
		{03F6EBD1-4942-4DA2-AA91-3836FC8F3855}.Debug|Any CPU.ActiveCfg = Debug|Any CPU
		{03F6EBD1-4942-4DA2-AA91-3836FC8F3855}.Debug|Any CPU.Build.0 = Debug|Any CPU
		{03F6EBD1-4942-4DA2-AA91-3836FC8F3855}.Release|Any CPU.ActiveCfg = Release|Any CPU
		{03F6EBD1-4942-4DA2-AA91-3836FC8F3855}.Release|Any CPU.Build.0 = Release|Any CPU
		{CBA030E0-71B7-44D3-8EB5-91C69ED93494}.Debug|Any CPU.ActiveCfg = Debug|Any CPU
		{CBA030E0-71B7-44D3-8EB5-91C69ED93494}.Debug|Any CPU.Build.0 = Debug|Any CPU
		{CBA030E0-71B7-44D3-8EB5-91C69ED93494}.Release|Any CPU.ActiveCfg = Release|Any CPU
		{CBA030E0-71B7-44D3-8EB5-91C69ED93494}.Release|Any CPU.Build.0 = Release|Any CPU
	EndGlobalSection
	GlobalSection(SolutionProperties) = preSolution
		HideSolutionNode = FALSE
	EndGlobalSection
	GlobalSection(ExtensibilityGlobals) = postSolution
		SolutionGuid = {D6CABCF7-3E58-4825-A3B2-10495731E940}
	EndGlobalSection
EndGlobal
